hash: ef07256b3e32f204d55f9cfeb0d997d3622208574ac4b3042107b14c5b9807b9
updated: 2016-10-29T16:47:39.900391835-06:00
imports:
- name: cloud.google.com/go
  version: 28994ff9b5baa92fe337dacaee126fcf80fefa3e
  subpackages:
  - datastore
  - storage
  - internal/optional
  - compute/metadata
  - internal
- name: git.apache.org/thrift.git
  version: 59cb6661bcee265d39ad524154472ebe27760f1e
  subpackages:
  - lib/go/thrift
- name: github.com/codegp/env
  version: 1af9748c81f32e1c4910c19fe703826b0c187f9d
- name: github.com/codegp/game-object-types
  version: 2a3c7fd5f280683c6c4e56f04ddbe202c4ccdb6e
  subpackages:
  - types
- name: github.com/golang/protobuf
  version: 98fa357170587e470c5f27d3c3ea0947b71eb455
  subpackages:
  - proto
  - ptypes/timestamp
  - ptypes/wrappers
  - ptypes/struct
  - ptypes/any
- name: github.com/googleapis/gax-go
  version: 4f7da601ca02aa546c5ef911a0b6595fdadf4e18
- name: golang.org/x/net
  version: fca93ed71fff8fa71efeaf6501adc8921a6da7bc
  subpackages:
  - context
  - http2
  - trace
  - context/ctxhttp
  - http2/hpack
  - idna
  - lex/httplex
  - internal/timeseries
- name: golang.org/x/oauth2
  version: 25b4fb1468cb89700c7c060cb99f30581a61f5e3
  subpackages:
  - google
  - internal
  - jws
  - jwt
- name: google.golang.org/api
  version: 037d03010933c9fa8e57559c1b7faeec971688d1
  subpackages:
  - iterator
  - option
  - transport
  - googleapi
  - storage/v1
  - internal
  - googleapi/internal/uritemplates
  - gensupport
- name: google.golang.org/appengine
  version: 46239ca616842c00f41b8cbc6bbf2bd6ffbfcdad
  subpackages:
  - socket
  - urlfetch
  - internal
  - internal/socket
  - internal/urlfetch
  - internal/app_identity
  - internal/modules
  - internal/base
  - internal/datastore
  - internal/log
  - internal/remote_api
- name: google.golang.org/genproto
  version: 9359a8d303c45e3212571b77610f1cefb0c6f3eb
  subpackages:
  - googleapis/datastore/v1
  - googleapis/type/latlng
  - googleapis/api/serviceconfig
  - googleapis/api/label
  - googleapis/api/metric
  - googleapis/api/monitoredres
  - protobuf
- name: google.golang.org/grpc
  version: 396f8ba2a6b9039070f4ff97561f5e408828fccd
  subpackages:
  - codes
  - metadata
  - credentials
  - credentials/oauth
  - grpclog
  - internal
  - naming
  - transport
  - peer
testImports: []
